// !$*UTF8*$!
{
	archiveVersion = 1;
	classes = {
	};
	objectVersion = 55;
	objects = {

/* Begin PBXBuildFile section */
		16D82569E8751AF2FFCB287B /* Pods_DezervTest_DezervTestUITests.framework in Frameworks */ = {isa = PBXBuildFile; fileRef = F562934CB78D2CE115E1E083 /* Pods_DezervTest_DezervTestUITests.framework */; };
		8C245331276712CC0017052E /* ProductTableViewCell.xib in Resources */ = {isa = PBXBuildFile; fileRef = 8C245330276712CC0017052E /* ProductTableViewCell.xib */; };
		8C245333276713D80017052E /* ProductTableViewCell.swift in Sources */ = {isa = PBXBuildFile; fileRef = 8C245332276713D80017052E /* ProductTableViewCell.swift */; };
		8C245335276723600017052E /* TableViewController.swift in Sources */ = {isa = PBXBuildFile; fileRef = 8C245334276723600017052E /* TableViewController.swift */; };
		8C3FB21F2764B5F10075D246 /* Lottie in Frameworks */ = {isa = PBXBuildFile; productRef = 8C3FB21E2764B5F10075D246 /* Lottie */; };
		8C3FB2222764B84E0075D246 /* Searchable.swift in Sources */ = {isa = PBXBuildFile; fileRef = 8C3FB2212764B84E0075D246 /* Searchable.swift */; };
		8C3FB22A2764B8760075D246 /* Utilities.swift in Sources */ = {isa = PBXBuildFile; fileRef = 8C3FB2242764B8760075D246 /* Utilities.swift */; };
		8C3FB22B2764B8760075D246 /* RequestParameters.swift in Sources */ = {isa = PBXBuildFile; fileRef = 8C3FB2252764B8760075D246 /* RequestParameters.swift */; };
		8C3FB22C2764B8760075D246 /* HTTPMethod.swift in Sources */ = {isa = PBXBuildFile; fileRef = 8C3FB2262764B8760075D246 /* HTTPMethod.swift */; };
		8C3FB22D2764B8760075D246 /* Result.swift in Sources */ = {isa = PBXBuildFile; fileRef = 8C3FB2272764B8760075D246 /* Result.swift */; };
		8C3FB22E2764B8760075D246 /* Client.swift in Sources */ = {isa = PBXBuildFile; fileRef = 8C3FB2282764B8760075D246 /* Client.swift */; };
		8C3FB22F2764B8760075D246 /* Request.swift in Sources */ = {isa = PBXBuildFile; fileRef = 8C3FB2292764B8760075D246 /* Request.swift */; };
		8C3FB2352764B8B50075D246 /* SafeClient.swift in Sources */ = {isa = PBXBuildFile; fileRef = 8C3FB2312764B8B50075D246 /* SafeClient.swift */; };
		8C3FB2362764B8B50075D246 /* APIClient.swift in Sources */ = {isa = PBXBuildFile; fileRef = 8C3FB2322764B8B50075D246 /* APIClient.swift */; };
		8C3FB2372764B8B50075D246 /* APIError.swift in Sources */ = {isa = PBXBuildFile; fileRef = 8C3FB2332764B8B50075D246 /* APIError.swift */; };
		8C3FB2382764B8B50075D246 /* Activity.swift in Sources */ = {isa = PBXBuildFile; fileRef = 8C3FB2342764B8B50075D246 /* Activity.swift */; };
		8C3FB23A2764B8C50075D246 /* DezervTestClient.swift in Sources */ = {isa = PBXBuildFile; fileRef = 8C3FB2392764B8C50075D246 /* DezervTestClient.swift */; };
		8C3FB23E2764B8F90075D246 /* RealmChanges.swift in Sources */ = {isa = PBXBuildFile; fileRef = 8C3FB23D2764B8F90075D246 /* RealmChanges.swift */; };
		8C3FB2472764B94F0075D246 /* Date+Extension.swift in Sources */ = {isa = PBXBuildFile; fileRef = 8C3FB2402764B94F0075D246 /* Date+Extension.swift */; };
		8C3FB2482764B94F0075D246 /* String+Extensions.swift in Sources */ = {isa = PBXBuildFile; fileRef = 8C3FB2412764B94F0075D246 /* String+Extensions.swift */; };
		8C3FB2492764B94F0075D246 /* UIViewController+Extensions.swift in Sources */ = {isa = PBXBuildFile; fileRef = 8C3FB2422764B94F0075D246 /* UIViewController+Extensions.swift */; };
		8C3FB24A2764B94F0075D246 /* UIColor+Extensions.swift in Sources */ = {isa = PBXBuildFile; fileRef = 8C3FB2432764B94F0075D246 /* UIColor+Extensions.swift */; };
		8C3FB24B2764B94F0075D246 /* UIImageView+Extension.swift in Sources */ = {isa = PBXBuildFile; fileRef = 8C3FB2442764B94F0075D246 /* UIImageView+Extension.swift */; };
		8C3FB24C2764B94F0075D246 /* ReactiveExtentions.swift in Sources */ = {isa = PBXBuildFile; fileRef = 8C3FB2452764B94F0075D246 /* ReactiveExtentions.swift */; };
		8C3FB24D2764B94F0075D246 /* TimeInterval+Extensions.swift in Sources */ = {isa = PBXBuildFile; fileRef = 8C3FB2462764B94F0075D246 /* TimeInterval+Extensions.swift */; };
		8C3FB24F2764B9880075D246 /* KeychainManager.swift in Sources */ = {isa = PBXBuildFile; fileRef = 8C3FB24E2764B9880075D246 /* KeychainManager.swift */; };
		8C3FB2522764BA860075D246 /* BaseService.swift in Sources */ = {isa = PBXBuildFile; fileRef = 8C3FB2512764BA860075D246 /* BaseService.swift */; };
		8C3FB2542764BAD00075D246 /* FetchProductsService.swift in Sources */ = {isa = PBXBuildFile; fileRef = 8C3FB2532764BAD00075D246 /* FetchProductsService.swift */; };
		8C3FB25B2764BBC00075D246 /* InitialViewController.swift in Sources */ = {isa = PBXBuildFile; fileRef = 8C3FB25A2764BBC00075D246 /* InitialViewController.swift */; };
		8C3FB25E2764C4BD0075D246 /* shoppingCart.json in Resources */ = {isa = PBXBuildFile; fileRef = 8C3FB25D2764C4BD0075D246 /* shoppingCart.json */; };
		8C3FB2602764DA9D0075D246 /* ProductResponse.swift in Sources */ = {isa = PBXBuildFile; fileRef = 8C3FB25F2764DA9D0075D246 /* ProductResponse.swift */; };
		8C3FB2622764DABB0075D246 /* Rating.swift in Sources */ = {isa = PBXBuildFile; fileRef = 8C3FB2612764DABB0075D246 /* Rating.swift */; };
		8C3FB2652764E5F50075D246 /* ProductResponse+Networking.swift in Sources */ = {isa = PBXBuildFile; fileRef = 8C3FB2642764E5F50075D246 /* ProductResponse+Networking.swift */; };
		8C3FB2672764E85A0075D246 /* ViewControllerScene.swift in Sources */ = {isa = PBXBuildFile; fileRef = 8C3FB2662764E85A0075D246 /* ViewControllerScene.swift */; };
		8C73314C276603F300680DD2 /* LottieProgressHUD.swift in Sources */ = {isa = PBXBuildFile; fileRef = 8C73314B276603F300680DD2 /* LottieProgressHUD.swift */; };
		8C73314E2766055300680DD2 /* productLoading.json in Resources */ = {isa = PBXBuildFile; fileRef = 8C73314D2766055300680DD2 /* productLoading.json */; };
		8C733151276608BA00680DD2 /* ProductResponse+Transactions.swift in Sources */ = {isa = PBXBuildFile; fileRef = 8C733150276608BA00680DD2 /* ProductResponse+Transactions.swift */; };
		8C7587DA2764AC5B0078CE74 /* AppDelegate.swift in Sources */ = {isa = PBXBuildFile; fileRef = 8C7587D92764AC5B0078CE74 /* AppDelegate.swift */; };
		8C7587DC2764AC5B0078CE74 /* SceneDelegate.swift in Sources */ = {isa = PBXBuildFile; fileRef = 8C7587DB2764AC5B0078CE74 /* SceneDelegate.swift */; };
		8C7587E12764AC5B0078CE74 /* Main.storyboard in Resources */ = {isa = PBXBuildFile; fileRef = 8C7587DF2764AC5B0078CE74 /* Main.storyboard */; };
		8C7587E32764AC5C0078CE74 /* Assets.xcassets in Resources */ = {isa = PBXBuildFile; fileRef = 8C7587E22764AC5C0078CE74 /* Assets.xcassets */; };
		8C7587E62764AC5C0078CE74 /* LaunchScreen.storyboard in Resources */ = {isa = PBXBuildFile; fileRef = 8C7587E42764AC5C0078CE74 /* LaunchScreen.storyboard */; };
		8C7587F12764AC5C0078CE74 /* DezervTestTests.swift in Sources */ = {isa = PBXBuildFile; fileRef = 8C7587F02764AC5C0078CE74 /* DezervTestTests.swift */; };
		8C7587FB2764AC5C0078CE74 /* DezervTestUITests.swift in Sources */ = {isa = PBXBuildFile; fileRef = 8C7587FA2764AC5C0078CE74 /* DezervTestUITests.swift */; };
		8C7587FD2764AC5C0078CE74 /* DezervTestUITestsLaunchTests.swift in Sources */ = {isa = PBXBuildFile; fileRef = 8C7587FC2764AC5C0078CE74 /* DezervTestUITestsLaunchTests.swift */; };
		930FEA3431638AC0636AED57 /* Pods_DezervTestTests.framework in Frameworks */ = {isa = PBXBuildFile; fileRef = DA86E439B6FE00CBA60B3A08 /* Pods_DezervTestTests.framework */; };
		A366A629EDB885F2102735D0 /* Pods_DezervTest.framework in Frameworks */ = {isa = PBXBuildFile; fileRef = C8AFBF4F9EF704A7C6F331B9 /* Pods_DezervTest.framework */; };
/* End PBXBuildFile section */

/* Begin PBXContainerItemProxy section */
		8C7587ED2764AC5C0078CE74 /* PBXContainerItemProxy */ = {
			isa = PBXContainerItemProxy;
			containerPortal = 8C7587CE2764AC5B0078CE74 /* Project object */;
			proxyType = 1;
			remoteGlobalIDString = 8C7587D52764AC5B0078CE74;
			remoteInfo = DezervTest;
		};
		8C7587F72764AC5C0078CE74 /* PBXContainerItemProxy */ = {
			isa = PBXContainerItemProxy;
			containerPortal = 8C7587CE2764AC5B0078CE74 /* Project object */;
			proxyType = 1;
			remoteGlobalIDString = 8C7587D52764AC5B0078CE74;
			remoteInfo = DezervTest;
		};
/* End PBXContainerItemProxy section */

/* Begin PBXFileReference section */
		14D84E116F1BB34DC3C5E6FB /* Pods-DezervTest-DezervTestUITests.release.xcconfig */ = {isa = PBXFileReference; includeInIndex = 1; lastKnownFileType = text.xcconfig; name = "Pods-DezervTest-DezervTestUITests.release.xcconfig"; path = "Target Support Files/Pods-DezervTest-DezervTestUITests/Pods-DezervTest-DezervTestUITests.release.xcconfig"; sourceTree = "<group>"; };
		36ADCFA427543E8B855A98DE /* Pods-DezervTestTests.debug.xcconfig */ = {isa = PBXFileReference; includeInIndex = 1; lastKnownFileType = text.xcconfig; name = "Pods-DezervTestTests.debug.xcconfig"; path = "Target Support Files/Pods-DezervTestTests/Pods-DezervTestTests.debug.xcconfig"; sourceTree = "<group>"; };
		4CF28F51A63FAECE12091909 /* Pods-DezervTest.debug.xcconfig */ = {isa = PBXFileReference; includeInIndex = 1; lastKnownFileType = text.xcconfig; name = "Pods-DezervTest.debug.xcconfig"; path = "Target Support Files/Pods-DezervTest/Pods-DezervTest.debug.xcconfig"; sourceTree = "<group>"; };
		7045915D832A746F9104BB0E /* Pods-DezervTest-DezervTestUITests.debug.xcconfig */ = {isa = PBXFileReference; includeInIndex = 1; lastKnownFileType = text.xcconfig; name = "Pods-DezervTest-DezervTestUITests.debug.xcconfig"; path = "Target Support Files/Pods-DezervTest-DezervTestUITests/Pods-DezervTest-DezervTestUITests.debug.xcconfig"; sourceTree = "<group>"; };
		8C245330276712CC0017052E /* ProductTableViewCell.xib */ = {isa = PBXFileReference; fileEncoding = 4; lastKnownFileType = file.xib; path = ProductTableViewCell.xib; sourceTree = "<group>"; };
		8C245332276713D80017052E /* ProductTableViewCell.swift */ = {isa = PBXFileReference; lastKnownFileType = sourcecode.swift; path = ProductTableViewCell.swift; sourceTree = "<group>"; };
		8C245334276723600017052E /* TableViewController.swift */ = {isa = PBXFileReference; lastKnownFileType = sourcecode.swift; path = TableViewController.swift; sourceTree = "<group>"; };
		8C3FB2212764B84E0075D246 /* Searchable.swift */ = {isa = PBXFileReference; fileEncoding = 4; lastKnownFileType = sourcecode.swift; path = Searchable.swift; sourceTree = "<group>"; };
		8C3FB2242764B8760075D246 /* Utilities.swift */ = {isa = PBXFileReference; fileEncoding = 4; lastKnownFileType = sourcecode.swift; path = Utilities.swift; sourceTree = "<group>"; };
		8C3FB2252764B8760075D246 /* RequestParameters.swift */ = {isa = PBXFileReference; fileEncoding = 4; lastKnownFileType = sourcecode.swift; path = RequestParameters.swift; sourceTree = "<group>"; };
		8C3FB2262764B8760075D246 /* HTTPMethod.swift */ = {isa = PBXFileReference; fileEncoding = 4; lastKnownFileType = sourcecode.swift; path = HTTPMethod.swift; sourceTree = "<group>"; };
		8C3FB2272764B8760075D246 /* Result.swift */ = {isa = PBXFileReference; fileEncoding = 4; lastKnownFileType = sourcecode.swift; path = Result.swift; sourceTree = "<group>"; };
		8C3FB2282764B8760075D246 /* Client.swift */ = {isa = PBXFileReference; fileEncoding = 4; lastKnownFileType = sourcecode.swift; path = Client.swift; sourceTree = "<group>"; };
		8C3FB2292764B8760075D246 /* Request.swift */ = {isa = PBXFileReference; fileEncoding = 4; lastKnownFileType = sourcecode.swift; path = Request.swift; sourceTree = "<group>"; };
		8C3FB2312764B8B50075D246 /* SafeClient.swift */ = {isa = PBXFileReference; fileEncoding = 4; lastKnownFileType = sourcecode.swift; path = SafeClient.swift; sourceTree = "<group>"; };
		8C3FB2322764B8B50075D246 /* APIClient.swift */ = {isa = PBXFileReference; fileEncoding = 4; lastKnownFileType = sourcecode.swift; path = APIClient.swift; sourceTree = "<group>"; };
		8C3FB2332764B8B50075D246 /* APIError.swift */ = {isa = PBXFileReference; fileEncoding = 4; lastKnownFileType = sourcecode.swift; path = APIError.swift; sourceTree = "<group>"; };
		8C3FB2342764B8B50075D246 /* Activity.swift */ = {isa = PBXFileReference; fileEncoding = 4; lastKnownFileType = sourcecode.swift; path = Activity.swift; sourceTree = "<group>"; };
		8C3FB2392764B8C50075D246 /* DezervTestClient.swift */ = {isa = PBXFileReference; lastKnownFileType = sourcecode.swift; path = DezervTestClient.swift; sourceTree = "<group>"; };
		8C3FB23D2764B8F90075D246 /* RealmChanges.swift */ = {isa = PBXFileReference; fileEncoding = 4; lastKnownFileType = sourcecode.swift; path = RealmChanges.swift; sourceTree = "<group>"; };
		8C3FB2402764B94F0075D246 /* Date+Extension.swift */ = {isa = PBXFileReference; fileEncoding = 4; lastKnownFileType = sourcecode.swift; path = "Date+Extension.swift"; sourceTree = "<group>"; };
		8C3FB2412764B94F0075D246 /* String+Extensions.swift */ = {isa = PBXFileReference; fileEncoding = 4; lastKnownFileType = sourcecode.swift; path = "String+Extensions.swift"; sourceTree = "<group>"; };
		8C3FB2422764B94F0075D246 /* UIViewController+Extensions.swift */ = {isa = PBXFileReference; fileEncoding = 4; lastKnownFileType = sourcecode.swift; path = "UIViewController+Extensions.swift"; sourceTree = "<group>"; };
		8C3FB2432764B94F0075D246 /* UIColor+Extensions.swift */ = {isa = PBXFileReference; fileEncoding = 4; lastKnownFileType = sourcecode.swift; path = "UIColor+Extensions.swift"; sourceTree = "<group>"; };
		8C3FB2442764B94F0075D246 /* UIImageView+Extension.swift */ = {isa = PBXFileReference; fileEncoding = 4; lastKnownFileType = sourcecode.swift; path = "UIImageView+Extension.swift"; sourceTree = "<group>"; };
		8C3FB2452764B94F0075D246 /* ReactiveExtentions.swift */ = {isa = PBXFileReference; fileEncoding = 4; lastKnownFileType = sourcecode.swift; path = ReactiveExtentions.swift; sourceTree = "<group>"; };
		8C3FB2462764B94F0075D246 /* TimeInterval+Extensions.swift */ = {isa = PBXFileReference; fileEncoding = 4; lastKnownFileType = sourcecode.swift; path = "TimeInterval+Extensions.swift"; sourceTree = "<group>"; };
		8C3FB24E2764B9880075D246 /* KeychainManager.swift */ = {isa = PBXFileReference; lastKnownFileType = sourcecode.swift; path = KeychainManager.swift; sourceTree = "<group>"; };
		8C3FB2512764BA860075D246 /* BaseService.swift */ = {isa = PBXFileReference; lastKnownFileType = sourcecode.swift; path = BaseService.swift; sourceTree = "<group>"; };
		8C3FB2532764BAD00075D246 /* FetchProductsService.swift */ = {isa = PBXFileReference; lastKnownFileType = sourcecode.swift; path = FetchProductsService.swift; sourceTree = "<group>"; };
		8C3FB25A2764BBC00075D246 /* InitialViewController.swift */ = {isa = PBXFileReference; lastKnownFileType = sourcecode.swift; path = InitialViewController.swift; sourceTree = "<group>"; };
		8C3FB25D2764C4BD0075D246 /* shoppingCart.json */ = {isa = PBXFileReference; fileEncoding = 4; lastKnownFileType = text.json; path = shoppingCart.json; sourceTree = "<group>"; };
		8C3FB25F2764DA9D0075D246 /* ProductResponse.swift */ = {isa = PBXFileReference; lastKnownFileType = sourcecode.swift; path = ProductResponse.swift; sourceTree = "<group>"; };
		8C3FB2612764DABB0075D246 /* Rating.swift */ = {isa = PBXFileReference; lastKnownFileType = sourcecode.swift; path = Rating.swift; sourceTree = "<group>"; };
		8C3FB2642764E5F50075D246 /* ProductResponse+Networking.swift */ = {isa = PBXFileReference; lastKnownFileType = sourcecode.swift; path = "ProductResponse+Networking.swift"; sourceTree = "<group>"; };
		8C3FB2662764E85A0075D246 /* ViewControllerScene.swift */ = {isa = PBXFileReference; lastKnownFileType = sourcecode.swift; path = ViewControllerScene.swift; sourceTree = "<group>"; };
		8C73314B276603F300680DD2 /* LottieProgressHUD.swift */ = {isa = PBXFileReference; lastKnownFileType = sourcecode.swift; path = LottieProgressHUD.swift; sourceTree = "<group>"; };
		8C73314D2766055300680DD2 /* productLoading.json */ = {isa = PBXFileReference; fileEncoding = 4; lastKnownFileType = text.json; path = productLoading.json; sourceTree = "<group>"; };
		8C733150276608BA00680DD2 /* ProductResponse+Transactions.swift */ = {isa = PBXFileReference; lastKnownFileType = sourcecode.swift; path = "ProductResponse+Transactions.swift"; sourceTree = "<group>"; };
		8C7587D62764AC5B0078CE74 /* DezervTest.app */ = {isa = PBXFileReference; explicitFileType = wrapper.application; includeInIndex = 0; path = DezervTest.app; sourceTree = BUILT_PRODUCTS_DIR; };
		8C7587D92764AC5B0078CE74 /* AppDelegate.swift */ = {isa = PBXFileReference; lastKnownFileType = sourcecode.swift; path = AppDelegate.swift; sourceTree = "<group>"; };
		8C7587DB2764AC5B0078CE74 /* SceneDelegate.swift */ = {isa = PBXFileReference; lastKnownFileType = sourcecode.swift; path = SceneDelegate.swift; sourceTree = "<group>"; };
		8C7587E02764AC5B0078CE74 /* Base */ = {isa = PBXFileReference; lastKnownFileType = file.storyboard; name = Base; path = Base.lproj/Main.storyboard; sourceTree = "<group>"; };
		8C7587E22764AC5C0078CE74 /* Assets.xcassets */ = {isa = PBXFileReference; lastKnownFileType = folder.assetcatalog; path = Assets.xcassets; sourceTree = "<group>"; };
		8C7587E52764AC5C0078CE74 /* Base */ = {isa = PBXFileReference; lastKnownFileType = file.storyboard; name = Base; path = Base.lproj/LaunchScreen.storyboard; sourceTree = "<group>"; };
		8C7587E72764AC5C0078CE74 /* Info.plist */ = {isa = PBXFileReference; lastKnownFileType = text.plist.xml; path = Info.plist; sourceTree = "<group>"; };
		8C7587EC2764AC5C0078CE74 /* DezervTestTests.xctest */ = {isa = PBXFileReference; explicitFileType = wrapper.cfbundle; includeInIndex = 0; path = DezervTestTests.xctest; sourceTree = BUILT_PRODUCTS_DIR; };
		8C7587F02764AC5C0078CE74 /* DezervTestTests.swift */ = {isa = PBXFileReference; lastKnownFileType = sourcecode.swift; path = DezervTestTests.swift; sourceTree = "<group>"; };
		8C7587F62764AC5C0078CE74 /* DezervTestUITests.xctest */ = {isa = PBXFileReference; explicitFileType = wrapper.cfbundle; includeInIndex = 0; path = DezervTestUITests.xctest; sourceTree = BUILT_PRODUCTS_DIR; };
		8C7587FA2764AC5C0078CE74 /* DezervTestUITests.swift */ = {isa = PBXFileReference; lastKnownFileType = sourcecode.swift; path = DezervTestUITests.swift; sourceTree = "<group>"; };
		8C7587FC2764AC5C0078CE74 /* DezervTestUITestsLaunchTests.swift */ = {isa = PBXFileReference; lastKnownFileType = sourcecode.swift; path = DezervTestUITestsLaunchTests.swift; sourceTree = "<group>"; };
		ABE641DAB1C9BDC1149A8A23 /* Pods-DezervTestTests.release.xcconfig */ = {isa = PBXFileReference; includeInIndex = 1; lastKnownFileType = text.xcconfig; name = "Pods-DezervTestTests.release.xcconfig"; path = "Target Support Files/Pods-DezervTestTests/Pods-DezervTestTests.release.xcconfig"; sourceTree = "<group>"; };
		BBD79B44E5A05F945C372A80 /* Pods-DezervTest.release.xcconfig */ = {isa = PBXFileReference; includeInIndex = 1; lastKnownFileType = text.xcconfig; name = "Pods-DezervTest.release.xcconfig"; path = "Target Support Files/Pods-DezervTest/Pods-DezervTest.release.xcconfig"; sourceTree = "<group>"; };
		C8AFBF4F9EF704A7C6F331B9 /* Pods_DezervTest.framework */ = {isa = PBXFileReference; explicitFileType = wrapper.framework; includeInIndex = 0; path = Pods_DezervTest.framework; sourceTree = BUILT_PRODUCTS_DIR; };
		DA86E439B6FE00CBA60B3A08 /* Pods_DezervTestTests.framework */ = {isa = PBXFileReference; explicitFileType = wrapper.framework; includeInIndex = 0; path = Pods_DezervTestTests.framework; sourceTree = BUILT_PRODUCTS_DIR; };
		F562934CB78D2CE115E1E083 /* Pods_DezervTest_DezervTestUITests.framework */ = {isa = PBXFileReference; explicitFileType = wrapper.framework; includeInIndex = 0; path = Pods_DezervTest_DezervTestUITests.framework; sourceTree = BUILT_PRODUCTS_DIR; };
/* End PBXFileReference section */

/* Begin PBXFrameworksBuildPhase section */
		8C7587D32764AC5B0078CE74 /* Frameworks */ = {
			isa = PBXFrameworksBuildPhase;
			buildActionMask = 2147483647;
			files = (
				A366A629EDB885F2102735D0 /* Pods_DezervTest.framework in Frameworks */,
				8C3FB21F2764B5F10075D246 /* Lottie in Frameworks */,
			);
			runOnlyForDeploymentPostprocessing = 0;
		};
		8C7587E92764AC5C0078CE74 /* Frameworks */ = {
			isa = PBXFrameworksBuildPhase;
			buildActionMask = 2147483647;
			files = (
				930FEA3431638AC0636AED57 /* Pods_DezervTestTests.framework in Frameworks */,
			);
			runOnlyForDeploymentPostprocessing = 0;
		};
		8C7587F32764AC5C0078CE74 /* Frameworks */ = {
			isa = PBXFrameworksBuildPhase;
			buildActionMask = 2147483647;
			files = (
				16D82569E8751AF2FFCB287B /* Pods_DezervTest_DezervTestUITests.framework in Frameworks */,
			);
			runOnlyForDeploymentPostprocessing = 0;
		};
/* End PBXFrameworksBuildPhase section */

/* Begin PBXGroup section */
		8C24532F276712BA0017052E /* CustomCells */ = {
			isa = PBXGroup;
			children = (
				8C245330276712CC0017052E /* ProductTableViewCell.xib */,
				8C245332276713D80017052E /* ProductTableViewCell.swift */,
			);
			path = CustomCells;
			sourceTree = "<group>";
		};
		8C3FB2202764B8370075D246 /* Protocols */ = {
			isa = PBXGroup;
			children = (
				8C3FB2212764B84E0075D246 /* Searchable.swift */,
			);
			path = Protocols;
			sourceTree = "<group>";
		};
		8C3FB2232764B8550075D246 /* Client */ = {
			isa = PBXGroup;
			children = (
				8C3FB2282764B8760075D246 /* Client.swift */,
				8C3FB2262764B8760075D246 /* HTTPMethod.swift */,
				8C3FB2292764B8760075D246 /* Request.swift */,
				8C3FB2252764B8760075D246 /* RequestParameters.swift */,
				8C3FB2272764B8760075D246 /* Result.swift */,
				8C3FB2242764B8760075D246 /* Utilities.swift */,
			);
			path = Client;
			sourceTree = "<group>";
		};
		8C3FB2302764B88A0075D246 /* Networking */ = {
			isa = PBXGroup;
			children = (
				8C3FB2342764B8B50075D246 /* Activity.swift */,
				8C3FB2322764B8B50075D246 /* APIClient.swift */,
				8C3FB2332764B8B50075D246 /* APIError.swift */,
				8C3FB2312764B8B50075D246 /* SafeClient.swift */,
				8C3FB2392764B8C50075D246 /* DezervTestClient.swift */,
			);
			path = Networking;
			sourceTree = "<group>";
		};
		8C3FB23C2764B8DD0075D246 /* Utils */ = {
			isa = PBXGroup;
			children = (
				8C3FB23F2764B8FC0075D246 /* Extensions */,
				8C3FB23D2764B8F90075D246 /* RealmChanges.swift */,
			);
			path = Utils;
			sourceTree = "<group>";
		};
		8C3FB23F2764B8FC0075D246 /* Extensions */ = {
			isa = PBXGroup;
			children = (
				8C3FB2402764B94F0075D246 /* Date+Extension.swift */,
				8C3FB2452764B94F0075D246 /* ReactiveExtentions.swift */,
				8C3FB2412764B94F0075D246 /* String+Extensions.swift */,
				8C3FB2462764B94F0075D246 /* TimeInterval+Extensions.swift */,
				8C3FB2432764B94F0075D246 /* UIColor+Extensions.swift */,
				8C3FB2442764B94F0075D246 /* UIImageView+Extension.swift */,
				8C3FB2422764B94F0075D246 /* UIViewController+Extensions.swift */,
			);
			path = Extensions;
			sourceTree = "<group>";
		};
		8C3FB2502764BA560075D246 /* BaseService */ = {
			isa = PBXGroup;
			children = (
				8C3FB2512764BA860075D246 /* BaseService.swift */,
				8C3FB2532764BAD00075D246 /* FetchProductsService.swift */,
			);
			path = BaseService;
			sourceTree = "<group>";
		};
		8C3FB2552764BB0C0075D246 /* Entities */ = {
			isa = PBXGroup;
			children = (
				8C73314F2766089E00680DD2 /* Entity+Transactions */,
				8C3FB2632764E58D0075D246 /* Entity+Networking */,
				8C3FB25F2764DA9D0075D246 /* ProductResponse.swift */,
				8C3FB2612764DABB0075D246 /* Rating.swift */,
			);
			path = Entities;
			sourceTree = "<group>";
		};
		8C3FB2562764BB1B0075D246 /* Scene */ = {
			isa = PBXGroup;
			children = (
				8C3FB2662764E85A0075D246 /* ViewControllerScene.swift */,
			);
			path = Scene;
			sourceTree = "<group>";
		};
		8C3FB2572764BB260075D246 /* View */ = {
			isa = PBXGroup;
			children = (
				8C24532F276712BA0017052E /* CustomCells */,
				8C3FB25C2764C4920075D246 /* LottieAnimations */,
				8C3FB2592764BB6A0075D246 /* Controllers */,
				8C3FB2582764BB300075D246 /* Storyboards */,
			);
			path = View;
			sourceTree = "<group>";
		};
		8C3FB2582764BB300075D246 /* Storyboards */ = {
			isa = PBXGroup;
			children = (
				8C7587DF2764AC5B0078CE74 /* Main.storyboard */,
				8C7587E42764AC5C0078CE74 /* LaunchScreen.storyboard */,
			);
			path = Storyboards;
			sourceTree = "<group>";
		};
		8C3FB2592764BB6A0075D246 /* Controllers */ = {
			isa = PBXGroup;
			children = (
				8C3FB25A2764BBC00075D246 /* InitialViewController.swift */,
				8C245334276723600017052E /* TableViewController.swift */,
			);
			path = Controllers;
			sourceTree = "<group>";
		};
		8C3FB25C2764C4920075D246 /* LottieAnimations */ = {
			isa = PBXGroup;
			children = (
				8C73314D2766055300680DD2 /* productLoading.json */,
				8C3FB25D2764C4BD0075D246 /* shoppingCart.json */,
			);
			path = LottieAnimations;
			sourceTree = "<group>";
		};
		8C3FB2632764E58D0075D246 /* Entity+Networking */ = {
			isa = PBXGroup;
			children = (
				8C3FB2642764E5F50075D246 /* ProductResponse+Networking.swift */,
			);
			path = "Entity+Networking";
			sourceTree = "<group>";
		};
		8C73314A276603D800680DD2 /* LottieProgressHUD */ = {
			isa = PBXGroup;
			children = (
				8C73314B276603F300680DD2 /* LottieProgressHUD.swift */,
			);
			path = LottieProgressHUD;
			sourceTree = "<group>";
		};
		8C73314F2766089E00680DD2 /* Entity+Transactions */ = {
			isa = PBXGroup;
			children = (
				8C733150276608BA00680DD2 /* ProductResponse+Transactions.swift */,
			);
			path = "Entity+Transactions";
			sourceTree = "<group>";
		};
		8C7587CD2764AC5B0078CE74 = {
			isa = PBXGroup;
			children = (
				8C7587D82764AC5B0078CE74 /* DezervTest */,
				8C7587EF2764AC5C0078CE74 /* DezervTestTests */,
				8C7587F92764AC5C0078CE74 /* DezervTestUITests */,
				8C7587D72764AC5B0078CE74 /* Products */,
				A7468489CE5FDE910CF05095 /* Pods */,
				B18D5513FE53FB71C84471F4 /* Frameworks */,
			);
			sourceTree = "<group>";
		};
		8C7587D72764AC5B0078CE74 /* Products */ = {
			isa = PBXGroup;
			children = (
				8C7587D62764AC5B0078CE74 /* DezervTest.app */,
				8C7587EC2764AC5C0078CE74 /* DezervTestTests.xctest */,
				8C7587F62764AC5C0078CE74 /* DezervTestUITests.xctest */,
			);
			name = Products;
			sourceTree = "<group>";
		};
		8C7587D82764AC5B0078CE74 /* DezervTest */ = {
			isa = PBXGroup;
			children = (
				8C3FB2572764BB260075D246 /* View */,
				8C3FB2562764BB1B0075D246 /* Scene */,
				8C3FB2552764BB0C0075D246 /* Entities */,
				8C3FB2502764BA560075D246 /* BaseService */,
				8C7588092764ACBB0078CE74 /* Framework */,
				8C7587D92764AC5B0078CE74 /* AppDelegate.swift */,
				8C7587DB2764AC5B0078CE74 /* SceneDelegate.swift */,
				8C7587E22764AC5C0078CE74 /* Assets.xcassets */,
				8C7587E72764AC5C0078CE74 /* Info.plist */,
			);
			path = DezervTest;
			sourceTree = "<group>";
		};
		8C7587EF2764AC5C0078CE74 /* DezervTestTests */ = {
			isa = PBXGroup;
			children = (
				8C7587F02764AC5C0078CE74 /* DezervTestTests.swift */,
			);
			path = DezervTestTests;
			sourceTree = "<group>";
		};
		8C7587F92764AC5C0078CE74 /* DezervTestUITests */ = {
			isa = PBXGroup;
			children = (
				8C7587FA2764AC5C0078CE74 /* DezervTestUITests.swift */,
				8C7587FC2764AC5C0078CE74 /* DezervTestUITestsLaunchTests.swift */,
			);
			path = DezervTestUITests;
			sourceTree = "<group>";
		};
		8C7588092764ACBB0078CE74 /* Framework */ = {
			isa = PBXGroup;
			children = (
				8C73314A276603D800680DD2 /* LottieProgressHUD */,
				8C3FB23C2764B8DD0075D246 /* Utils */,
				8C3FB2302764B88A0075D246 /* Networking */,
				8C3FB2232764B8550075D246 /* Client */,
				8C3FB2202764B8370075D246 /* Protocols */,
				8C3FB24E2764B9880075D246 /* KeychainManager.swift */,
			);
			path = Framework;
			sourceTree = "<group>";
		};
		A7468489CE5FDE910CF05095 /* Pods */ = {
			isa = PBXGroup;
			children = (
				4CF28F51A63FAECE12091909 /* Pods-DezervTest.debug.xcconfig */,
				BBD79B44E5A05F945C372A80 /* Pods-DezervTest.release.xcconfig */,
				7045915D832A746F9104BB0E /* Pods-DezervTest-DezervTestUITests.debug.xcconfig */,
				14D84E116F1BB34DC3C5E6FB /* Pods-DezervTest-DezervTestUITests.release.xcconfig */,
				36ADCFA427543E8B855A98DE /* Pods-DezervTestTests.debug.xcconfig */,
				ABE641DAB1C9BDC1149A8A23 /* Pods-DezervTestTests.release.xcconfig */,
			);
			path = Pods;
			sourceTree = "<group>";
		};
		B18D5513FE53FB71C84471F4 /* Frameworks */ = {
			isa = PBXGroup;
			children = (
				C8AFBF4F9EF704A7C6F331B9 /* Pods_DezervTest.framework */,
				F562934CB78D2CE115E1E083 /* Pods_DezervTest_DezervTestUITests.framework */,
				DA86E439B6FE00CBA60B3A08 /* Pods_DezervTestTests.framework */,
			);
			name = Frameworks;
			sourceTree = "<group>";
		};
/* End PBXGroup section */

/* Begin PBXNativeTarget section */
		8C7587D52764AC5B0078CE74 /* DezervTest */ = {
			isa = PBXNativeTarget;
			buildConfigurationList = 8C7588002764AC5C0078CE74 /* Build configuration list for PBXNativeTarget "DezervTest" */;
			buildPhases = (
				9BC1A062408553913D6EA417 /* [CP] Check Pods Manifest.lock */,
				8C7587D22764AC5B0078CE74 /* Sources */,
				8C7587D32764AC5B0078CE74 /* Frameworks */,
				8C7587D42764AC5B0078CE74 /* Resources */,
				F19805572CF7CE3745824E03 /* [CP] Embed Pods Frameworks */,
			);
			buildRules = (
			);
			dependencies = (
			);
			name = DezervTest;
			packageProductDependencies = (
				8C3FB21E2764B5F10075D246 /* Lottie */,
			);
			productName = DezervTest;
			productReference = 8C7587D62764AC5B0078CE74 /* DezervTest.app */;
			productType = "com.apple.product-type.application";
		};
		8C7587EB2764AC5C0078CE74 /* DezervTestTests */ = {
			isa = PBXNativeTarget;
			buildConfigurationList = 8C7588032764AC5C0078CE74 /* Build configuration list for PBXNativeTarget "DezervTestTests" */;
			buildPhases = (
				1BAA86EF498755D8B80C3CC8 /* [CP] Check Pods Manifest.lock */,
				8C7587E82764AC5C0078CE74 /* Sources */,
				8C7587E92764AC5C0078CE74 /* Frameworks */,
				8C7587EA2764AC5C0078CE74 /* Resources */,
			);
			buildRules = (
			);
			dependencies = (
				8C7587EE2764AC5C0078CE74 /* PBXTargetDependency */,
			);
			name = DezervTestTests;
			productName = DezervTestTests;
			productReference = 8C7587EC2764AC5C0078CE74 /* DezervTestTests.xctest */;
			productType = "com.apple.product-type.bundle.unit-test";
		};
		8C7587F52764AC5C0078CE74 /* DezervTestUITests */ = {
			isa = PBXNativeTarget;
			buildConfigurationList = 8C7588062764AC5C0078CE74 /* Build configuration list for PBXNativeTarget "DezervTestUITests" */;
			buildPhases = (
				04CED44ED68D54B6ACC0C540 /* [CP] Check Pods Manifest.lock */,
				8C7587F22764AC5C0078CE74 /* Sources */,
				8C7587F32764AC5C0078CE74 /* Frameworks */,
				8C7587F42764AC5C0078CE74 /* Resources */,
				A1DD25CA3D9E4B9A0D15A132 /* [CP] Embed Pods Frameworks */,
			);
			buildRules = (
			);
			dependencies = (
				8C7587F82764AC5C0078CE74 /* PBXTargetDependency */,
			);
			name = DezervTestUITests;
			productName = DezervTestUITests;
			productReference = 8C7587F62764AC5C0078CE74 /* DezervTestUITests.xctest */;
			productType = "com.apple.product-type.bundle.ui-testing";
		};
/* End PBXNativeTarget section */

/* Begin PBXProject section */
		8C7587CE2764AC5B0078CE74 /* Project object */ = {
			isa = PBXProject;
			attributes = {
				BuildIndependentTargetsInParallel = 1;
				LastSwiftUpdateCheck = 1310;
				LastUpgradeCheck = 1310;
				TargetAttributes = {
					8C7587D52764AC5B0078CE74 = {
						CreatedOnToolsVersion = 13.1;
					};
					8C7587EB2764AC5C0078CE74 = {
						CreatedOnToolsVersion = 13.1;
						TestTargetID = 8C7587D52764AC5B0078CE74;
					};
					8C7587F52764AC5C0078CE74 = {
						CreatedOnToolsVersion = 13.1;
						TestTargetID = 8C7587D52764AC5B0078CE74;
					};
				};
			};
			buildConfigurationList = 8C7587D12764AC5B0078CE74 /* Build configuration list for PBXProject "DezervTest" */;
			compatibilityVersion = "Xcode 13.0";
			developmentRegion = en;
			hasScannedForEncodings = 0;
			knownRegions = (
				en,
				Base,
			);
			mainGroup = 8C7587CD2764AC5B0078CE74;
			packageReferences = (
				8C3FB21D2764B5F10075D246 /* XCRemoteSwiftPackageReference "lottie-ios" */,
			);
			productRefGroup = 8C7587D72764AC5B0078CE74 /* Products */;
			projectDirPath = "";
			projectRoot = "";
			targets = (
				8C7587D52764AC5B0078CE74 /* DezervTest */,
				8C7587EB2764AC5C0078CE74 /* DezervTestTests */,
				8C7587F52764AC5C0078CE74 /* DezervTestUITests */,
			);
		};
/* End PBXProject section */

/* Begin PBXResourcesBuildPhase section */
		8C7587D42764AC5B0078CE74 /* Resources */ = {
			isa = PBXResourcesBuildPhase;
			buildActionMask = 2147483647;
			files = (
				8C7587E62764AC5C0078CE74 /* LaunchScreen.storyboard in Resources */,
				8C245331276712CC0017052E /* ProductTableViewCell.xib in Resources */,
				8C73314E2766055300680DD2 /* productLoading.json in Resources */,
				8C7587E32764AC5C0078CE74 /* Assets.xcassets in Resources */,
				8C7587E12764AC5B0078CE74 /* Main.storyboard in Resources */,
				8C3FB25E2764C4BD0075D246 /* shoppingCart.json in Resources */,
			);
			runOnlyForDeploymentPostprocessing = 0;
		};
		8C7587EA2764AC5C0078CE74 /* Resources */ = {
			isa = PBXResourcesBuildPhase;
			buildActionMask = 2147483647;
			files = (
			);
			runOnlyForDeploymentPostprocessing = 0;
		};
		8C7587F42764AC5C0078CE74 /* Resources */ = {
			isa = PBXResourcesBuildPhase;
			buildActionMask = 2147483647;
			files = (
			);
			runOnlyForDeploymentPostprocessing = 0;
		};
/* End PBXResourcesBuildPhase section */

/* Begin PBXShellScriptBuildPhase section */
		04CED44ED68D54B6ACC0C540 /* [CP] Check Pods Manifest.lock */ = {
			isa = PBXShellScriptBuildPhase;
			buildActionMask = 2147483647;
			files = (
			);
			inputFileListPaths = (
			);
			inputPaths = (
				"${PODS_PODFILE_DIR_PATH}/Podfile.lock",
				"${PODS_ROOT}/Manifest.lock",
			);
			name = "[CP] Check Pods Manifest.lock";
			outputFileListPaths = (
			);
			outputPaths = (
				"$(DERIVED_FILE_DIR)/Pods-DezervTest-DezervTestUITests-checkManifestLockResult.txt",
			);
			runOnlyForDeploymentPostprocessing = 0;
			shellPath = /bin/sh;
			shellScript = "diff \"${PODS_PODFILE_DIR_PATH}/Podfile.lock\" \"${PODS_ROOT}/Manifest.lock\" > /dev/null\nif [ $? != 0 ] ; then\n    # print error to STDERR\n    echo \"error: The sandbox is not in sync with the Podfile.lock. Run 'pod install' or update your CocoaPods installation.\" >&2\n    exit 1\nfi\n# This output is used by Xcode 'outputs' to avoid re-running this script phase.\necho \"SUCCESS\" > \"${SCRIPT_OUTPUT_FILE_0}\"\n";
			showEnvVarsInLog = 0;
		};
		1BAA86EF498755D8B80C3CC8 /* [CP] Check Pods Manifest.lock */ = {
			isa = PBXShellScriptBuildPhase;
			buildActionMask = 2147483647;
			files = (
			);
			inputFileListPaths = (
			);
			inputPaths = (
				"${PODS_PODFILE_DIR_PATH}/Podfile.lock",
				"${PODS_ROOT}/Manifest.lock",
			);
			name = "[CP] Check Pods Manifest.lock";
			outputFileListPaths = (
			);
			outputPaths = (
				"$(DERIVED_FILE_DIR)/Pods-DezervTestTests-checkManifestLockResult.txt",
			);
			runOnlyForDeploymentPostprocessing = 0;
			shellPath = /bin/sh;
			shellScript = "diff \"${PODS_PODFILE_DIR_PATH}/Podfile.lock\" \"${PODS_ROOT}/Manifest.lock\" > /dev/null\nif [ $? != 0 ] ; then\n    # print error to STDERR\n    echo \"error: The sandbox is not in sync with the Podfile.lock. Run 'pod install' or update your CocoaPods installation.\" >&2\n    exit 1\nfi\n# This output is used by Xcode 'outputs' to avoid re-running this script phase.\necho \"SUCCESS\" > \"${SCRIPT_OUTPUT_FILE_0}\"\n";
			showEnvVarsInLog = 0;
		};
		9BC1A062408553913D6EA417 /* [CP] Check Pods Manifest.lock */ = {
			isa = PBXShellScriptBuildPhase;
			buildActionMask = 2147483647;
			files = (
			);
			inputFileListPaths = (
			);
			inputPaths = (
				"${PODS_PODFILE_DIR_PATH}/Podfile.lock",
				"${PODS_ROOT}/Manifest.lock",
			);
			name = "[CP] Check Pods Manifest.lock";
			outputFileListPaths = (
			);
			outputPaths = (
				"$(DERIVED_FILE_DIR)/Pods-DezervTest-checkManifestLockResult.txt",
			);
			runOnlyForDeploymentPostprocessing = 0;
			shellPath = /bin/sh;
			shellScript = "diff \"${PODS_PODFILE_DIR_PATH}/Podfile.lock\" \"${PODS_ROOT}/Manifest.lock\" > /dev/null\nif [ $? != 0 ] ; then\n    # print error to STDERR\n    echo \"error: The sandbox is not in sync with the Podfile.lock. Run 'pod install' or update your CocoaPods installation.\" >&2\n    exit 1\nfi\n# This output is used by Xcode 'outputs' to avoid re-running this script phase.\necho \"SUCCESS\" > \"${SCRIPT_OUTPUT_FILE_0}\"\n";
			showEnvVarsInLog = 0;
		};
		A1DD25CA3D9E4B9A0D15A132 /* [CP] Embed Pods Frameworks */ = {
			isa = PBXShellScriptBuildPhase;
			buildActionMask = 2147483647;
			files = (
			);
			inputFileListPaths = (
				"${PODS_ROOT}/Target Support Files/Pods-DezervTest-DezervTestUITests/Pods-DezervTest-DezervTestUITests-frameworks-${CONFIGURATION}-input-files.xcfilelist",
			);
			name = "[CP] Embed Pods Frameworks";
			outputFileListPaths = (
				"${PODS_ROOT}/Target Support Files/Pods-DezervTest-DezervTestUITests/Pods-DezervTest-DezervTestUITests-frameworks-${CONFIGURATION}-output-files.xcfilelist",
			);
			runOnlyForDeploymentPostprocessing = 0;
			shellPath = /bin/sh;
			shellScript = "\"${PODS_ROOT}/Target Support Files/Pods-DezervTest-DezervTestUITests/Pods-DezervTest-DezervTestUITests-frameworks.sh\"\n";
			showEnvVarsInLog = 0;
		};
		F19805572CF7CE3745824E03 /* [CP] Embed Pods Frameworks */ = {
			isa = PBXShellScriptBuildPhase;
			buildActionMask = 2147483647;
			files = (
			);
			inputFileListPaths = (
				"${PODS_ROOT}/Target Support Files/Pods-DezervTest/Pods-DezervTest-frameworks-${CONFIGURATION}-input-files.xcfilelist",
			);
			name = "[CP] Embed Pods Frameworks";
			outputFileListPaths = (
				"${PODS_ROOT}/Target Support Files/Pods-DezervTest/Pods-DezervTest-frameworks-${CONFIGURATION}-output-files.xcfilelist",
			);
			runOnlyForDeploymentPostprocessing = 0;
			shellPath = /bin/sh;
			shellScript = "\"${PODS_ROOT}/Target Support Files/Pods-DezervTest/Pods-DezervTest-frameworks.sh\"\n";
			showEnvVarsInLog = 0;
		};
/* End PBXShellScriptBuildPhase section */

/* Begin PBXSourcesBuildPhase section */
		8C7587D22764AC5B0078CE74 /* Sources */ = {
			isa = PBXSourcesBuildPhase;
			buildActionMask = 2147483647;
			files = (
				8C3FB2222764B84E0075D246 /* Searchable.swift in Sources */,
				8C3FB2382764B8B50075D246 /* Activity.swift in Sources */,
				8C3FB25B2764BBC00075D246 /* InitialViewController.swift in Sources */,
				8C3FB22C2764B8760075D246 /* HTTPMethod.swift in Sources */,
				8C245333276713D80017052E /* ProductTableViewCell.swift in Sources */,
				8C3FB2482764B94F0075D246 /* String+Extensions.swift in Sources */,
				8C3FB2652764E5F50075D246 /* ProductResponse+Networking.swift in Sources */,
				8C245335276723600017052E /* TableViewController.swift in Sources */,
				8C733151276608BA00680DD2 /* ProductResponse+Transactions.swift in Sources */,
				8C3FB24C2764B94F0075D246 /* ReactiveExtentions.swift in Sources */,
				8C7587DA2764AC5B0078CE74 /* AppDelegate.swift in Sources */,
				8C3FB24F2764B9880075D246 /* KeychainManager.swift in Sources */,
				8C3FB2492764B94F0075D246 /* UIViewController+Extensions.swift in Sources */,
				8C3FB22A2764B8760075D246 /* Utilities.swift in Sources */,
				8C7587DC2764AC5B0078CE74 /* SceneDelegate.swift in Sources */,
				8C3FB24B2764B94F0075D246 /* UIImageView+Extension.swift in Sources */,
				8C3FB2542764BAD00075D246 /* FetchProductsService.swift in Sources */,
				8C3FB23E2764B8F90075D246 /* RealmChanges.swift in Sources */,
				8C3FB2352764B8B50075D246 /* SafeClient.swift in Sources */,
				8C3FB24A2764B94F0075D246 /* UIColor+Extensions.swift in Sources */,
				8C3FB2672764E85A0075D246 /* ViewControllerScene.swift in Sources */,
				8C3FB2472764B94F0075D246 /* Date+Extension.swift in Sources */,
				8C3FB24D2764B94F0075D246 /* TimeInterval+Extensions.swift in Sources */,
				8C3FB22D2764B8760075D246 /* Result.swift in Sources */,
				8C3FB2622764DABB0075D246 /* Rating.swift in Sources */,
				8C3FB2602764DA9D0075D246 /* ProductResponse.swift in Sources */,
				8C3FB22F2764B8760075D246 /* Request.swift in Sources */,
				8C73314C276603F300680DD2 /* LottieProgressHUD.swift in Sources */,
				8C3FB22B2764B8760075D246 /* RequestParameters.swift in Sources */,
				8C3FB22E2764B8760075D246 /* Client.swift in Sources */,
				8C3FB2362764B8B50075D246 /* APIClient.swift in Sources */,
				8C3FB2372764B8B50075D246 /* APIError.swift in Sources */,
				8C3FB2522764BA860075D246 /* BaseService.swift in Sources */,
				8C3FB23A2764B8C50075D246 /* DezervTestClient.swift in Sources */,
			);
			runOnlyForDeploymentPostprocessing = 0;
		};
		8C7587E82764AC5C0078CE74 /* Sources */ = {
			isa = PBXSourcesBuildPhase;
			buildActionMask = 2147483647;
			files = (
				8C7587F12764AC5C0078CE74 /* DezervTestTests.swift in Sources */,
			);
			runOnlyForDeploymentPostprocessing = 0;
		};
		8C7587F22764AC5C0078CE74 /* Sources */ = {
			isa = PBXSourcesBuildPhase;
			buildActionMask = 2147483647;
			files = (
				8C7587FD2764AC5C0078CE74 /* DezervTestUITestsLaunchTests.swift in Sources */,
				8C7587FB2764AC5C0078CE74 /* DezervTestUITests.swift in Sources */,
			);
			runOnlyForDeploymentPostprocessing = 0;
		};
/* End PBXSourcesBuildPhase section */

/* Begin PBXTargetDependency section */
		8C7587EE2764AC5C0078CE74 /* PBXTargetDependency */ = {
			isa = PBXTargetDependency;
			target = 8C7587D52764AC5B0078CE74 /* DezervTest */;
			targetProxy = 8C7587ED2764AC5C0078CE74 /* PBXContainerItemProxy */;
		};
		8C7587F82764AC5C0078CE74 /* PBXTargetDependency */ = {
			isa = PBXTargetDependency;
			target = 8C7587D52764AC5B0078CE74 /* DezervTest */;
			targetProxy = 8C7587F72764AC5C0078CE74 /* PBXContainerItemProxy */;
		};
/* End PBXTargetDependency section */

/* Begin PBXVariantGroup section */
		8C7587DF2764AC5B0078CE74 /* Main.storyboard */ = {
			isa = PBXVariantGroup;
			children = (
				8C7587E02764AC5B0078CE74 /* Base */,
			);
			name = Main.storyboard;
			sourceTree = "<group>";
		};
		8C7587E42764AC5C0078CE74 /* LaunchScreen.storyboard */ = {
			isa = PBXVariantGroup;
			children = (
				8C7587E52764AC5C0078CE74 /* Base */,
			);
			name = LaunchScreen.storyboard;
			sourceTree = "<group>";
		};
/* End PBXVariantGroup section */

/* Begin XCBuildConfiguration section */
		8C7587FE2764AC5C0078CE74 /* Debug */ = {
			isa = XCBuildConfiguration;
			buildSettings = {
				ALWAYS_SEARCH_USER_PATHS = NO;
				CLANG_ANALYZER_NONNULL = YES;
				CLANG_ANALYZER_NUMBER_OBJECT_CONVERSION = YES_AGGRESSIVE;
				CLANG_CXX_LANGUAGE_STANDARD = "gnu++17";
				CLANG_CXX_LIBRARY = "libc++";
				CLANG_ENABLE_MODULES = YES;
				CLANG_ENABLE_OBJC_ARC = YES;
				CLANG_ENABLE_OBJC_WEAK = YES;
				CLANG_WARN_BLOCK_CAPTURE_AUTORELEASING = YES;
				CLANG_WARN_BOOL_CONVERSION = YES;
				CLANG_WARN_COMMA = YES;
				CLANG_WARN_CONSTANT_CONVERSION = YES;
				CLANG_WARN_DEPRECATED_OBJC_IMPLEMENTATIONS = YES;
				CLANG_WARN_DIRECT_OBJC_ISA_USAGE = YES_ERROR;
				CLANG_WARN_DOCUMENTATION_COMMENTS = YES;
				CLANG_WARN_EMPTY_BODY = YES;
				CLANG_WARN_ENUM_CONVERSION = YES;
				CLANG_WARN_INFINITE_RECURSION = YES;
				CLANG_WARN_INT_CONVERSION = YES;
				CLANG_WARN_NON_LITERAL_NULL_CONVERSION = YES;
				CLANG_WARN_OBJC_IMPLICIT_RETAIN_SELF = YES;
				CLANG_WARN_OBJC_LITERAL_CONVERSION = YES;
				CLANG_WARN_OBJC_ROOT_CLASS = YES_ERROR;
				CLANG_WARN_QUOTED_INCLUDE_IN_FRAMEWORK_HEADER = YES;
				CLANG_WARN_RANGE_LOOP_ANALYSIS = YES;
				CLANG_WARN_STRICT_PROTOTYPES = YES;
				CLANG_WARN_SUSPICIOUS_MOVE = YES;
				CLANG_WARN_UNGUARDED_AVAILABILITY = YES_AGGRESSIVE;
				CLANG_WARN_UNREACHABLE_CODE = YES;
				CLANG_WARN__DUPLICATE_METHOD_MATCH = YES;
				COPY_PHASE_STRIP = NO;
				DEAD_CODE_STRIPPING = NO;
				DEBUG_INFORMATION_FORMAT = dwarf;
				ENABLE_STRICT_OBJC_MSGSEND = YES;
				ENABLE_TESTABILITY = YES;
				GCC_C_LANGUAGE_STANDARD = gnu11;
				GCC_DYNAMIC_NO_PIC = NO;
				GCC_NO_COMMON_BLOCKS = YES;
				GCC_OPTIMIZATION_LEVEL = 0;
				GCC_PREPROCESSOR_DEFINITIONS = (
					"DEBUG=1",
					"$(inherited)",
				);
				GCC_WARN_64_TO_32_BIT_CONVERSION = YES;
				GCC_WARN_ABOUT_RETURN_TYPE = YES_ERROR;
				GCC_WARN_UNDECLARED_SELECTOR = YES;
				GCC_WARN_UNINITIALIZED_AUTOS = YES_AGGRESSIVE;
				GCC_WARN_UNUSED_FUNCTION = YES;
				GCC_WARN_UNUSED_VARIABLE = YES;
				IPHONEOS_DEPLOYMENT_TARGET = 15.0;
				MTL_ENABLE_DEBUG_INFO = INCLUDE_SOURCE;
				MTL_FAST_MATH = YES;
				ONLY_ACTIVE_ARCH = YES;
				SDKROOT = iphoneos;
				SWIFT_ACTIVE_COMPILATION_CONDITIONS = DEBUG;
				SWIFT_OPTIMIZATION_LEVEL = "-Onone";
			};
			name = Debug;
		};
		8C7587FF2764AC5C0078CE74 /* Release */ = {
			isa = XCBuildConfiguration;
			buildSettings = {
				ALWAYS_SEARCH_USER_PATHS = NO;
				CLANG_ANALYZER_NONNULL = YES;
				CLANG_ANALYZER_NUMBER_OBJECT_CONVERSION = YES_AGGRESSIVE;
				CLANG_CXX_LANGUAGE_STANDARD = "gnu++17";
				CLANG_CXX_LIBRARY = "libc++";
				CLANG_ENABLE_MODULES = YES;
				CLANG_ENABLE_OBJC_ARC = YES;
				CLANG_ENABLE_OBJC_WEAK = YES;
				CLANG_WARN_BLOCK_CAPTURE_AUTORELEASING = YES;
				CLANG_WARN_BOOL_CONVERSION = YES;
				CLANG_WARN_COMMA = YES;
				CLANG_WARN_CONSTANT_CONVERSION = YES;
				CLANG_WARN_DEPRECATED_OBJC_IMPLEMENTATIONS = YES;
				CLANG_WARN_DIRECT_OBJC_ISA_USAGE = YES_ERROR;
				CLANG_WARN_DOCUMENTATION_COMMENTS = YES;
				CLANG_WARN_EMPTY_BODY = YES;
				CLANG_WARN_ENUM_CONVERSION = YES;
				CLANG_WARN_INFINITE_RECURSION = YES;
				CLANG_WARN_INT_CONVERSION = YES;
				CLANG_WARN_NON_LITERAL_NULL_CONVERSION = YES;
				CLANG_WARN_OBJC_IMPLICIT_RETAIN_SELF = YES;
				CLANG_WARN_OBJC_LITERAL_CONVERSION = YES;
				CLANG_WARN_OBJC_ROOT_CLASS = YES_ERROR;
				CLANG_WARN_QUOTED_INCLUDE_IN_FRAMEWORK_HEADER = YES;
				CLANG_WARN_RANGE_LOOP_ANALYSIS = YES;
				CLANG_WARN_STRICT_PROTOTYPES = YES;
				CLANG_WARN_SUSPICIOUS_MOVE = YES;
				CLANG_WARN_UNGUARDED_AVAILABILITY = YES_AGGRESSIVE;
				CLANG_WARN_UNREACHABLE_CODE = YES;
				CLANG_WARN__DUPLICATE_METHOD_MATCH = YES;
				COPY_PHASE_STRIP = NO;
				DEAD_CODE_STRIPPING = NO;
				DEBUG_INFORMATION_FORMAT = "dwarf-with-dsym";
				ENABLE_NS_ASSERTIONS = NO;
				ENABLE_STRICT_OBJC_MSGSEND = YES;
				GCC_C_LANGUAGE_STANDARD = gnu11;
				GCC_NO_COMMON_BLOCKS = YES;
				GCC_WARN_64_TO_32_BIT_CONVERSION = YES;
				GCC_WARN_ABOUT_RETURN_TYPE = YES_ERROR;
				GCC_WARN_UNDECLARED_SELECTOR = YES;
				GCC_WARN_UNINITIALIZED_AUTOS = YES_AGGRESSIVE;
				GCC_WARN_UNUSED_FUNCTION = YES;
				GCC_WARN_UNUSED_VARIABLE = YES;
				IPHONEOS_DEPLOYMENT_TARGET = 15.0;
				MTL_ENABLE_DEBUG_INFO = NO;
				MTL_FAST_MATH = YES;
				SDKROOT = iphoneos;
				SWIFT_COMPILATION_MODE = wholemodule;
				SWIFT_OPTIMIZATION_LEVEL = "-O";
				VALIDATE_PRODUCT = YES;
			};
			name = Release;
		};
		8C7588012764AC5C0078CE74 /* Debug */ = {
			isa = XCBuildConfiguration;
			baseConfigurationReference = 4CF28F51A63FAECE12091909 /* Pods-DezervTest.debug.xcconfig */;
			buildSettings = {
				ASSETCATALOG_COMPILER_APPICON_NAME = AppIcon;
				ASSETCATALOG_COMPILER_GLOBAL_ACCENT_COLOR_NAME = AccentColor;
				CODE_SIGN_STYLE = Automatic;
				CURRENT_PROJECT_VERSION = 1;
				DEVELOPMENT_TEAM = "";
				GENERATE_INFOPLIST_FILE = YES;
				INFOPLIST_FILE = DezervTest/Info.plist;
				INFOPLIST_KEY_UIApplicationSupportsIndirectInputEvents = YES;
				INFOPLIST_KEY_UILaunchStoryboardName = LaunchScreen;
				INFOPLIST_KEY_UIMainStoryboardFile = Main;
				INFOPLIST_KEY_UISupportedInterfaceOrientations_iPad = "UIInterfaceOrientationPortrait UIInterfaceOrientationPortraitUpsideDown UIInterfaceOrientationLandscapeLeft UIInterfaceOrientationLandscapeRight";
				INFOPLIST_KEY_UISupportedInterfaceOrientations_iPhone = "UIInterfaceOrientationPortrait UIInterfaceOrientationLandscapeLeft UIInterfaceOrientationLandscapeRight";
				IPHONEOS_DEPLOYMENT_TARGET = 13.0;
				LD_RUNPATH_SEARCH_PATHS = (
					"$(inherited)",
					"@executable_path/Frameworks",
				);
				MARKETING_VERSION = 1.0;
				PRODUCT_BUNDLE_IDENTIFIER = com.me.DezervTest;
				PRODUCT_NAME = "$(TARGET_NAME)";
				SWIFT_EMIT_LOC_STRINGS = YES;
				SWIFT_VERSION = 5.0;
				TARGETED_DEVICE_FAMILY = 1;
			};
			name = Debug;
		};
		8C7588022764AC5C0078CE74 /* Release */ = {
			isa = XCBuildConfiguration;
			baseConfigurationReference = BBD79B44E5A05F945C372A80 /* Pods-DezervTest.release.xcconfig */;
			buildSettings = {
				ASSETCATALOG_COMPILER_APPICON_NAME = AppIcon;
				ASSETCATALOG_COMPILER_GLOBAL_ACCENT_COLOR_NAME = AccentColor;
				CODE_SIGN_STYLE = Automatic;
				CURRENT_PROJECT_VERSION = 1;
				DEVELOPMENT_TEAM = "";
				GENERATE_INFOPLIST_FILE = YES;
				INFOPLIST_FILE = DezervTest/Info.plist;
				INFOPLIST_KEY_UIApplicationSupportsIndirectInputEvents = YES;
				INFOPLIST_KEY_UILaunchStoryboardName = LaunchScreen;
				INFOPLIST_KEY_UIMainStoryboardFile = Main;
				INFOPLIST_KEY_UISupportedInterfaceOrientations_iPad = "UIInterfaceOrientationPortrait UIInterfaceOrientationPortraitUpsideDown UIInterfaceOrientationLandscapeLeft UIInterfaceOrientationLandscapeRight";
				INFOPLIST_KEY_UISupportedInterfaceOrientations_iPhone = "UIInterfaceOrientationPortrait UIInterfaceOrientationLandscapeLeft UIInterfaceOrientationLandscapeRight";
				IPHONEOS_DEPLOYMENT_TARGET = 13.0;
				LD_RUNPATH_SEARCH_PATHS = (
					"$(inherited)",
					"@executable_path/Frameworks",
				);
				MARKETING_VERSION = 1.0;
				PRODUCT_BUNDLE_IDENTIFIER = com.me.DezervTest;
				PRODUCT_NAME = "$(TARGET_NAME)";
				SWIFT_EMIT_LOC_STRINGS = YES;
				SWIFT_VERSION = 5.0;
				TARGETED_DEVICE_FAMILY = 1;
			};
			name = Release;
		};
		8C7588042764AC5C0078CE74 /* Debug */ = {
			isa = XCBuildConfiguration;
			baseConfigurationReference = 36ADCFA427543E8B855A98DE /* Pods-DezervTestTests.debug.xcconfig */;
			buildSettings = {
				ALWAYS_EMBED_SWIFT_STANDARD_LIBRARIES = YES;
				BUNDLE_LOADER = "$(TEST_HOST)";
				CODE_SIGN_STYLE = Automatic;
				CURRENT_PROJECT_VERSION = 1;
				GENERATE_INFOPLIST_FILE = YES;
				IPHONEOS_DEPLOYMENT_TARGET = 15.0;
				LD_RUNPATH_SEARCH_PATHS = (
					"$(inherited)",
					"@executable_path/Frameworks",
					"@loader_path/Frameworks",
				);
				MARKETING_VERSION = 1.0;
				PRODUCT_BUNDLE_IDENTIFIER = com.me.DezervTestTests;
				PRODUCT_NAME = "$(TARGET_NAME)";
				SWIFT_EMIT_LOC_STRINGS = NO;
				SWIFT_VERSION = 5.0;
				TARGETED_DEVICE_FAMILY = "1,2";
				TEST_HOST = "$(BUILT_PRODUCTS_DIR)/DezervTest.app/DezervTest";
			};
			name = Debug;
		};
		8C7588052764AC5C0078CE74 /* Release */ = {
			isa = XCBuildConfiguration;
			baseConfigurationReference = ABE641DAB1C9BDC1149A8A23 /* Pods-DezervTestTests.release.xcconfig */;
			buildSettings = {
				ALWAYS_EMBED_SWIFT_STANDARD_LIBRARIES = YES;
				BUNDLE_LOADER = "$(TEST_HOST)";
				CODE_SIGN_STYLE = Automatic;
				CURRENT_PROJECT_VERSION = 1;
				GENERATE_INFOPLIST_FILE = YES;
				IPHONEOS_DEPLOYMENT_TARGET = 15.0;
				LD_RUNPATH_SEARCH_PATHS = (
					"$(inherited)",
					"@executable_path/Frameworks",
					"@loader_path/Frameworks",
				);
				MARKETING_VERSION = 1.0;
				PRODUCT_BUNDLE_IDENTIFIER = com.me.DezervTestTests;
				PRODUCT_NAME = "$(TARGET_NAME)";
				SWIFT_EMIT_LOC_STRINGS = NO;
				SWIFT_VERSION = 5.0;
				TARGETED_DEVICE_FAMILY = "1,2";
				TEST_HOST = "$(BUILT_PRODUCTS_DIR)/DezervTest.app/DezervTest";
			};
			name = Release;
		};
		8C7588072764AC5C0078CE74 /* Debug */ = {
			isa = XCBuildConfiguration;
			baseConfigurationReference = 7045915D832A746F9104BB0E /* Pods-DezervTest-DezervTestUITests.debug.xcconfig */;
			buildSettings = {
				ALWAYS_EMBED_SWIFT_STANDARD_LIBRARIES = YES;
				CODE_SIGN_STYLE = Automatic;
				CURRENT_PROJECT_VERSION = 1;
				GENERATE_INFOPLIST_FILE = YES;
				LD_RUNPATH_SEARCH_PATHS = (
					"$(inherited)",
					"@executable_path/Frameworks",
					"@loader_path/Frameworks",
				);
				MARKETING_VERSION = 1.0;
				PRODUCT_BUNDLE_IDENTIFIER = com.me.DezervTestUITests;
				PRODUCT_NAME = "$(TARGET_NAME)";
				SWIFT_EMIT_LOC_STRINGS = NO;
				SWIFT_VERSION = 5.0;
				TARGETED_DEVICE_FAMILY = "1,2";
				TEST_TARGET_NAME = DezervTest;
			};
			name = Debug;
		};
		8C7588082764AC5C0078CE74 /* Release */ = {
			isa = XCBuildConfiguration;
			baseConfigurationReference = 14D84E116F1BB34DC3C5E6FB /* Pods-DezervTest-DezervTestUITests.release.xcconfig */;
			buildSettings = {
				ALWAYS_EMBED_SWIFT_STANDARD_LIBRARIES = YES;
				CODE_SIGN_STYLE = Automatic;
				CURRENT_PROJECT_VERSION = 1;
				GENERATE_INFOPLIST_FILE = YES;
				LD_RUNPATH_SEARCH_PATHS = (
					"$(inherited)",
					"@executable_path/Frameworks",
					"@loader_path/Frameworks",
				);
				MARKETING_VERSION = 1.0;
				PRODUCT_BUNDLE_IDENTIFIER = com.me.DezervTestUITests;
				PRODUCT_NAME = "$(TARGET_NAME)";
				SWIFT_EMIT_LOC_STRINGS = NO;
				SWIFT_VERSION = 5.0;
				TARGETED_DEVICE_FAMILY = "1,2";
				TEST_TARGET_NAME = DezervTest;
			};
			name = Release;
		};
/* End XCBuildConfiguration section */

/* Begin XCConfigurationList section */
		8C7587D12764AC5B0078CE74 /* Build configuration list for PBXProject "DezervTest" */ = {
			isa = XCConfigurationList;
			buildConfigurations = (
				8C7587FE2764AC5C0078CE74 /* Debug */,
				8C7587FF2764AC5C0078CE74 /* Release */,
			);
			defaultConfigurationIsVisible = 0;
			defaultConfigurationName = Release;
		};
		8C7588002764AC5C0078CE74 /* Build configuration list for PBXNativeTarget "DezervTest" */ = {
			isa = XCConfigurationList;
			buildConfigurations = (
				8C7588012764AC5C0078CE74 /* Debug */,
				8C7588022764AC5C0078CE74 /* Release */,
			);
			defaultConfigurationIsVisible = 0;
			defaultConfigurationName = Release;
		};
		8C7588032764AC5C0078CE74 /* Build configuration list for PBXNativeTarget "DezervTestTests" */ = {
			isa = XCConfigurationList;
			buildConfigurations = (
				8C7588042764AC5C0078CE74 /* Debug */,
				8C7588052764AC5C0078CE74 /* Release */,
			);
			defaultConfigurationIsVisible = 0;
			defaultConfigurationName = Release;
		};
		8C7588062764AC5C0078CE74 /* Build configuration list for PBXNativeTarget "DezervTestUITests" */ = {
			isa = XCConfigurationList;
			buildConfigurations = (
				8C7588072764AC5C0078CE74 /* Debug */,
				8C7588082764AC5C0078CE74 /* Release */,
			);
			defaultConfigurationIsVisible = 0;
			defaultConfigurationName = Release;
		};
/* End XCConfigurationList section */

/* Begin XCRemoteSwiftPackageReference section */
		8C3FB21D2764B5F10075D246 /* XCRemoteSwiftPackageReference "lottie-ios" */ = {
			isa = XCRemoteSwiftPackageReference;
			repositoryURL = "https://github.com/airbnb/lottie-ios";
			requirement = {
				kind = upToNextMajorVersion;
				minimumVersion = 3.0.0;
			};
		};
/* End XCRemoteSwiftPackageReference section */

/* Begin XCSwiftPackageProductDependency section */
		8C3FB21E2764B5F10075D246 /* Lottie */ = {
			isa = XCSwiftPackageProductDependency;
			package = 8C3FB21D2764B5F10075D246 /* XCRemoteSwiftPackageReference "lottie-ios" */;
			productName = Lottie;
		};
/* End XCSwiftPackageProductDependency section */
	};
	rootObject = 8C7587CE2764AC5B0078CE74 /* Project object */;
}
